
Microsoft Visual Studio Solution File, Format Version 12.00
# Visual Studio Version 17
VisualStudioVersion = 17.5.002.0
MinimumVisualStudioVersion = 10.0.40219.1
Project("{9A19103F-16F7-4668-BE54-9A1E7A4F7556}") = "Estacionamento", "Estacionamento\Estacionamento.csproj", "{ABD0F006-F253-4580-A375-F8F26683C19B}"
EndProject
Global
	GlobalSection(SolutionConfigurationPlatforms) = preSolution
		Debug|Any CPU = Debug|Any CPU
		Release|Any CPU = Release|Any CPU
	EndGlobalSection
	GlobalSection(ProjectConfigurationPlatforms) = postSolution
		{ABD0F006-F253-4580-A375-F8F26683C19B}.Debug|Any CPU.ActiveCfg = Debug|Any CPU
		{ABD0F006-F253-4580-A375-F8F26683C19B}.Debug|Any CPU.Build.0 = Debug|Any CPU
		{ABD0F006-F253-4580-A375-F8F26683C19B}.Release|Any CPU.ActiveCfg = Release|Any CPU
		{ABD0F006-F253-4580-A375-F8F26683C19B}.Release|Any CPU.Build.0 = Release|Any CPU
	EndGlobalSection
	GlobalSection(SolutionProperties) = preSolution
		HideSolutionNode = FALSE
	EndGlobalSection
	GlobalSection(ExtensibilityGlobals) = postSolution
		SolutionGuid = {5BE52A77-F154-40C0-88CF-50013FFBDC97}
	EndGlobalSection
EndGlobal
